
Microsoft Visual Studio Solution File, Format Version 12.00
# Visual Studio Version 17
VisualStudioVersion = 17.0.31815.197
MinimumVisualStudioVersion = 16.0.29201.188
Project("{9A19103F-16F7-4668-BE54-9A1E7A4F7556}") = "Costura.Template", "Costura.Template\Costura.Template.csproj", "{CD9AEBAA-78F4-4A78-BF06-0CB7D84D83E8}"
EndProject
Project("{2150E333-8FDC-42A3-9474-1A3956D46DE8}") = "Tests", "Tests", "{434F54AD-0845-4F63-ACB2-162105A1A741}"
EndProject
Project("{2150E333-8FDC-42A3-9474-1A3956D46DE8}") = "misc", "misc", "{BD2A89FD-65C5-4DC9-B50F-049CA337FF20}"
	ProjectSection(SolutionItems) = preProject
		..\.editorconfig = ..\.editorconfig
		.vsconfig = .vsconfig
		Costura.Fody.sln.DotSettings = Costura.Fody.sln.DotSettings
		Directory.build.analyzers.props = Directory.build.analyzers.props
		Directory.build.project.props = Directory.build.project.props
		Directory.Build.props = Directory.Build.props
		Directory.build.shared.explicit.props = Directory.build.shared.explicit.props
		Directory.build.shared.implicit.props = Directory.build.shared.implicit.props
		Directory.build.shared.mat.props = Directory.build.shared.mat.props
		Directory.build.targets = Directory.build.targets
		global.json = global.json
		MethodTimeLogger.cs = MethodTimeLogger.cs
		nuget.config = nuget.config
		Settings.StyleCop = Settings.StyleCop
		SolutionAssemblyInfo.cs = SolutionAssemblyInfo.cs
	EndProjectSection
EndProject
Project("{2150E333-8FDC-42A3-9474-1A3956D46DE8}") = "src", "src", "{BB891774-A36E-4207-BB34-916540A77D46}"
EndProject
Project("{2150E333-8FDC-42A3-9474-1A3956D46DE8}") = "Core", "Core", "{B7B46C59-9452-424E-ABFE-1350A00D0FD4}"
EndProject
Project("{9A19103F-16F7-4668-BE54-9A1E7A4F7556}") = "Costura", "Costura\Costura.csproj", "{2B508691-68E6-4AE6-8F8D-1B78F7E65F80}"
EndProject
Project("{FAE04EC0-301F-11D3-BF4B-00C04F79EFBC}") = "CosturaPortable.Fody", "CosturaPortable.Fody\CosturaPortable.Fody.csproj", "{729B7265-C0B9-4854-BD3E-93DCB2D18802}"
EndProject
Global
	GlobalSection(SolutionConfigurationPlatforms) = preSolution
		Debug|Any CPU = Debug|Any CPU
		Debug|x64 = Debug|x64
		Debug|x86 = Debug|x86
		Release|Any CPU = Release|Any CPU
		Release|x64 = Release|x64
		Release|x86 = Release|x86
		Test|Any CPU = Test|Any CPU
		Test|x64 = Test|x64
		Test|x86 = Test|x86
	EndGlobalSection
	GlobalSection(ProjectConfigurationPlatforms) = postSolution
		{CD9AEBAA-78F4-4A78-BF06-0CB7D84D83E8}.Debug|Any CPU.ActiveCfg = Debug|Any CPU
		{CD9AEBAA-78F4-4A78-BF06-0CB7D84D83E8}.Debug|Any CPU.Build.0 = Debug|Any CPU
		{CD9AEBAA-78F4-4A78-BF06-0CB7D84D83E8}.Debug|x64.ActiveCfg = Debug|Any CPU
		{CD9AEBAA-78F4-4A78-BF06-0CB7D84D83E8}.Debug|x64.Build.0 = Debug|Any CPU
		{CD9AEBAA-78F4-4A78-BF06-0CB7D84D83E8}.Debug|x86.ActiveCfg = Debug|Any CPU
		{CD9AEBAA-78F4-4A78-BF06-0CB7D84D83E8}.Debug|x86.Build.0 = Debug|Any CPU
		{CD9AEBAA-78F4-4A78-BF06-0CB7D84D83E8}.Release|Any CPU.ActiveCfg = Release|Any CPU
		{CD9AEBAA-78F4-4A78-BF06-0CB7D84D83E8}.Release|Any CPU.Build.0 = Release|Any CPU
		{CD9AEBAA-78F4-4A78-BF06-0CB7D84D83E8}.Release|x64.ActiveCfg = Release|Any CPU
		{CD9AEBAA-78F4-4A78-BF06-0CB7D84D83E8}.Release|x64.Build.0 = Release|Any CPU
		{CD9AEBAA-78F4-4A78-BF06-0CB7D84D83E8}.Release|x86.ActiveCfg = Release|Any CPU
		{CD9AEBAA-78F4-4A78-BF06-0CB7D84D83E8}.Release|x86.Build.0 = Release|Any CPU
		{CD9AEBAA-78F4-4A78-BF06-0CB7D84D83E8}.Test|Any CPU.ActiveCfg = Release|Any CPU
		{CD9AEBAA-78F4-4A78-BF06-0CB7D84D83E8}.Test|Any CPU.Build.0 = Release|Any CPU
		{CD9AEBAA-78F4-4A78-BF06-0CB7D84D83E8}.Test|x64.ActiveCfg = Release|Any CPU
		{CD9AEBAA-78F4-4A78-BF06-0CB7D84D83E8}.Test|x64.Build.0 = Release|Any CPU
		{CD9AEBAA-78F4-4A78-BF06-0CB7D84D83E8}.Test|x86.ActiveCfg = Release|Any CPU
		{CD9AEBAA-78F4-4A78-BF06-0CB7D84D83E8}.Test|x86.Build.0 = Release|Any CPU
		{2B508691-68E6-4AE6-8F8D-1B78F7E65F80}.Debug|Any CPU.ActiveCfg = Debug|Any CPU
		{2B508691-68E6-4AE6-8F8D-1B78F7E65F80}.Debug|Any CPU.Build.0 = Debug|Any CPU
		{2B508691-68E6-4AE6-8F8D-1B78F7E65F80}.Debug|x64.ActiveCfg = Debug|Any CPU
		{2B508691-68E6-4AE6-8F8D-1B78F7E65F80}.Debug|x64.Build.0 = Debug|Any CPU
		{2B508691-68E6-4AE6-8F8D-1B78F7E65F80}.Debug|x86.ActiveCfg = Debug|Any CPU
		{2B508691-68E6-4AE6-8F8D-1B78F7E65F80}.Debug|x86.Build.0 = Debug|Any CPU
		{2B508691-68E6-4AE6-8F8D-1B78F7E65F80}.Release|Any CPU.ActiveCfg = Release|Any CPU
		{2B508691-68E6-4AE6-8F8D-1B78F7E65F80}.Release|Any CPU.Build.0 = Release|Any CPU
		{2B508691-68E6-4AE6-8F8D-1B78F7E65F80}.Release|x64.ActiveCfg = Release|Any CPU
		{2B508691-68E6-4AE6-8F8D-1B78F7E65F80}.Release|x64.Build.0 = Release|Any CPU
		{2B508691-68E6-4AE6-8F8D-1B78F7E65F80}.Release|x86.ActiveCfg = Release|Any CPU
		{2B508691-68E6-4AE6-8F8D-1B78F7E65F80}.Release|x86.Build.0 = Release|Any CPU
		{2B508691-68E6-4AE6-8F8D-1B78F7E65F80}.Test|Any CPU.ActiveCfg = Test|Any CPU
		{2B508691-68E6-4AE6-8F8D-1B78F7E65F80}.Test|Any CPU.Build.0 = Test|Any CPU
		{2B508691-68E6-4AE6-8F8D-1B78F7E65F80}.Test|x64.ActiveCfg = Test|Any CPU
		{2B508691-68E6-4AE6-8F8D-1B78F7E65F80}.Test|x64.Build.0 = Test|Any CPU
		{2B508691-68E6-4AE6-8F8D-1B78F7E65F80}.Test|x86.ActiveCfg = Test|Any CPU
		{2B508691-68E6-4AE6-8F8D-1B78F7E65F80}.Test|x86.Build.0 = Test|Any CPU
		{729B7265-C0B9-4854-BD3E-93DCB2D18802}.Debug|Any CPU.ActiveCfg = Debug|Any CPU
		{729B7265-C0B9-4854-BD3E-93DCB2D18802}.Debug|Any CPU.Build.0 = Debug|Any CPU
		{729B7265-C0B9-4854-BD3E-93DCB2D18802}.Debug|x64.ActiveCfg = Debug|Any CPU
		{729B7265-C0B9-4854-BD3E-93DCB2D18802}.Debug|x64.Build.0 = Debug|Any CPU
		{729B7265-C0B9-4854-BD3E-93DCB2D18802}.Debug|x86.ActiveCfg = Debug|Any CPU
		{729B7265-C0B9-4854-BD3E-93DCB2D18802}.Debug|x86.Build.0 = Debug|Any CPU
		{729B7265-C0B9-4854-BD3E-93DCB2D18802}.Release|Any CPU.ActiveCfg = Release|Any CPU
		{729B7265-C0B9-4854-BD3E-93DCB2D18802}.Release|Any CPU.Build.0 = Release|Any CPU
		{729B7265-C0B9-4854-BD3E-93DCB2D18802}.Release|x64.ActiveCfg = Release|Any CPU
		{729B7265-C0B9-4854-BD3E-93DCB2D18802}.Release|x64.Build.0 = Release|Any CPU
		{729B7265-C0B9-4854-BD3E-93DCB2D18802}.Release|x86.ActiveCfg = Release|Any CPU
		{729B7265-C0B9-4854-BD3E-93DCB2D18802}.Release|x86.Build.0 = Release|Any CPU
		{729B7265-C0B9-4854-BD3E-93DCB2D18802}.Test|Any CPU.ActiveCfg = Test|Any CPU
		{729B7265-C0B9-4854-BD3E-93DCB2D18802}.Test|Any CPU.Build.0 = Test|Any CPU
		{729B7265-C0B9-4854-BD3E-93DCB2D18802}.Test|x64.ActiveCfg = Test|Any CPU
		{729B7265-C0B9-4854-BD3E-93DCB2D18802}.Test|x64.Build.0 = Test|Any CPU
		{729B7265-C0B9-4854-BD3E-93DCB2D18802}.Test|x86.ActiveCfg = Test|Any CPU
		{729B7265-C0B9-4854-BD3E-93DCB2D18802}.Test|x86.Build.0 = Test|Any CPU
	EndGlobalSection
	GlobalSection(SolutionProperties) = preSolution
		HideSolutionNode = FALSE
	EndGlobalSection
	GlobalSection(NestedProjects) = preSolution
		{CD9AEBAA-78F4-4A78-BF06-0CB7D84D83E8} = {B7B46C59-9452-424E-ABFE-1350A00D0FD4}
		{434F54AD-0845-4F63-ACB2-162105A1A741} = {BB891774-A36E-4207-BB34-916540A77D46}
		{B7B46C59-9452-424E-ABFE-1350A00D0FD4} = {BB891774-A36E-4207-BB34-916540A77D46}
		{2B508691-68E6-4AE6-8F8D-1B78F7E65F80} = {B7B46C59-9452-424E-ABFE-1350A00D0FD4}
		{729B7265-C0B9-4854-BD3E-93DCB2D18802} = {B7B46C59-9452-424E-ABFE-1350A00D0FD4}
	EndGlobalSection
	GlobalSection(ExtensibilityGlobals) = postSolution
		SolutionGuid = {2231BA74-85F3-48B2-9340-B98CDF1C5031}
	EndGlobalSection
EndGlobal
